
Microsoft Visual Studio Solution File, Format Version 12.00
# Visual Studio 14
VisualStudioVersion = 14.0.25420.1
MinimumVisualStudioVersion = 10.0.40219.1
Project("{D954291E-2A0B-460D-934E-DC6B0785DB48}") = "GA-SDK-MONO-SHARED", "GA-SDK-MONO-SHARED\GA-SDK-MONO-SHARED.shproj", "{1577D2E0-959B-4106-A7D8-D77B41C09F0C}"
EndProject
Project("{FAE04EC0-301F-11D3-BF4B-00C04F79EFBC}") = "GA_SDK_UWP", "GA_SDK_UWP\GA_SDK_UWP.csproj", "{CD6F03C0-0119-409B-AD0D-D283710A7033}"
EndProject
Global
	GlobalSection(SharedMSBuildProjectFiles) = preSolution
		GA-SDK-MONO-SHARED\GA-SDK-MONO-SHARED.projitems*{1577d2e0-959b-4106-a7d8-d77b41c09f0c}*SharedItemsImports = 13
		GA-SDK-MONO-SHARED\GA-SDK-MONO-SHARED.projitems*{cd6f03c0-0119-409b-ad0d-d283710a7033}*SharedItemsImports = 4
	EndGlobalSection
	GlobalSection(SolutionConfigurationPlatforms) = preSolution
		AppStore|Any CPU = AppStore|Any CPU
		AppStore|ARM = AppStore|ARM
		AppStore|iPhone = AppStore|iPhone
		AppStore|iPhoneSimulator = AppStore|iPhoneSimulator
		AppStore|x64 = AppStore|x64
		AppStore|x86 = AppStore|x86
		Debug|Any CPU = Debug|Any CPU
		Debug|ARM = Debug|ARM
		Debug|iPhone = Debug|iPhone
		Debug|iPhoneSimulator = Debug|iPhoneSimulator
		Debug|x64 = Debug|x64
		Debug|x86 = Debug|x86
		Release|Any CPU = Release|Any CPU
		Release|ARM = Release|ARM
		Release|iPhone = Release|iPhone
		Release|iPhoneSimulator = Release|iPhoneSimulator
		Release|x64 = Release|x64
		Release|x86 = Release|x86
		WebGLDebug|Any CPU = WebGLDebug|Any CPU
		WebGLDebug|ARM = WebGLDebug|ARM
		WebGLDebug|iPhone = WebGLDebug|iPhone
		WebGLDebug|iPhoneSimulator = WebGLDebug|iPhoneSimulator
		WebGLDebug|x64 = WebGLDebug|x64
		WebGLDebug|x86 = WebGLDebug|x86
		WebGLRelease|Any CPU = WebGLRelease|Any CPU
		WebGLRelease|ARM = WebGLRelease|ARM
		WebGLRelease|iPhone = WebGLRelease|iPhone
		WebGLRelease|iPhoneSimulator = WebGLRelease|iPhoneSimulator
		WebGLRelease|x64 = WebGLRelease|x64
		WebGLRelease|x86 = WebGLRelease|x86
	EndGlobalSection
	GlobalSection(ProjectConfigurationPlatforms) = postSolution
		{CD6F03C0-0119-409B-AD0D-D283710A7033}.AppStore|Any CPU.ActiveCfg = Release|Any CPU
		{CD6F03C0-0119-409B-AD0D-D283710A7033}.AppStore|Any CPU.Build.0 = Release|Any CPU
		{CD6F03C0-0119-409B-AD0D-D283710A7033}.AppStore|ARM.ActiveCfg = Release|ARM
		{CD6F03C0-0119-409B-AD0D-D283710A7033}.AppStore|ARM.Build.0 = Release|ARM
		{CD6F03C0-0119-409B-AD0D-D283710A7033}.AppStore|iPhone.ActiveCfg = Release|Any CPU
		{CD6F03C0-0119-409B-AD0D-D283710A7033}.AppStore|iPhone.Build.0 = Release|Any CPU
		{CD6F03C0-0119-409B-AD0D-D283710A7033}.AppStore|iPhoneSimulator.ActiveCfg = Release|Any CPU
		{CD6F03C0-0119-409B-AD0D-D283710A7033}.AppStore|iPhoneSimulator.Build.0 = Release|Any CPU
		{CD6F03C0-0119-409B-AD0D-D283710A7033}.AppStore|x64.ActiveCfg = Release|x64
		{CD6F03C0-0119-409B-AD0D-D283710A7033}.AppStore|x64.Build.0 = Release|x64
		{CD6F03C0-0119-409B-AD0D-D283710A7033}.AppStore|x86.ActiveCfg = Release|x86
		{CD6F03C0-0119-409B-AD0D-D283710A7033}.AppStore|x86.Build.0 = Release|x86
		{CD6F03C0-0119-409B-AD0D-D283710A7033}.Debug|Any CPU.ActiveCfg = Debug|Any CPU
		{CD6F03C0-0119-409B-AD0D-D283710A7033}.Debug|Any CPU.Build.0 = Debug|Any CPU
		{CD6F03C0-0119-409B-AD0D-D283710A7033}.Debug|ARM.ActiveCfg = Debug|ARM
		{CD6F03C0-0119-409B-AD0D-D283710A7033}.Debug|ARM.Build.0 = Debug|ARM
		{CD6F03C0-0119-409B-AD0D-D283710A7033}.Debug|iPhone.ActiveCfg = Debug|Any CPU
		{CD6F03C0-0119-409B-AD0D-D283710A7033}.Debug|iPhone.Build.0 = Debug|Any CPU
		{CD6F03C0-0119-409B-AD0D-D283710A7033}.Debug|iPhoneSimulator.ActiveCfg = Debug|Any CPU
		{CD6F03C0-0119-409B-AD0D-D283710A7033}.Debug|iPhoneSimulator.Build.0 = Debug|Any CPU
		{CD6F03C0-0119-409B-AD0D-D283710A7033}.Debug|x64.ActiveCfg = Debug|x64
		{CD6F03C0-0119-409B-AD0D-D283710A7033}.Debug|x64.Build.0 = Debug|x64
		{CD6F03C0-0119-409B-AD0D-D283710A7033}.Debug|x86.ActiveCfg = Debug|x86
		{CD6F03C0-0119-409B-AD0D-D283710A7033}.Debug|x86.Build.0 = Debug|x86
		{CD6F03C0-0119-409B-AD0D-D283710A7033}.Release|Any CPU.ActiveCfg = Release|Any CPU
		{CD6F03C0-0119-409B-AD0D-D283710A7033}.Release|Any CPU.Build.0 = Release|Any CPU
		{CD6F03C0-0119-409B-AD0D-D283710A7033}.Release|ARM.ActiveCfg = Release|ARM
		{CD6F03C0-0119-409B-AD0D-D283710A7033}.Release|ARM.Build.0 = Release|ARM
		{CD6F03C0-0119-409B-AD0D-D283710A7033}.Release|iPhone.ActiveCfg = Release|Any CPU
		{CD6F03C0-0119-409B-AD0D-D283710A7033}.Release|iPhone.Build.0 = Release|Any CPU
		{CD6F03C0-0119-409B-AD0D-D283710A7033}.Release|iPhoneSimulator.ActiveCfg = Release|Any CPU
		{CD6F03C0-0119-409B-AD0D-D283710A7033}.Release|iPhoneSimulator.Build.0 = Release|Any CPU
		{CD6F03C0-0119-409B-AD0D-D283710A7033}.Release|x64.ActiveCfg = Release|x64
		{CD6F03C0-0119-409B-AD0D-D283710A7033}.Release|x64.Build.0 = Release|x64
		{CD6F03C0-0119-409B-AD0D-D283710A7033}.Release|x86.ActiveCfg = Release|x86
		{CD6F03C0-0119-409B-AD0D-D283710A7033}.Release|x86.Build.0 = Release|x86
		{CD6F03C0-0119-409B-AD0D-D283710A7033}.WebGLDebug|Any CPU.ActiveCfg = Debug|Any CPU
		{CD6F03C0-0119-409B-AD0D-D283710A7033}.WebGLDebug|Any CPU.Build.0 = Debug|Any CPU
		{CD6F03C0-0119-409B-AD0D-D283710A7033}.WebGLDebug|ARM.ActiveCfg = Debug|ARM
		{CD6F03C0-0119-409B-AD0D-D283710A7033}.WebGLDebug|ARM.Build.0 = Debug|ARM
		{CD6F03C0-0119-409B-AD0D-D283710A7033}.WebGLDebug|iPhone.ActiveCfg = Debug|Any CPU
		{CD6F03C0-0119-409B-AD0D-D283710A7033}.WebGLDebug|iPhone.Build.0 = Debug|Any CPU
		{CD6F03C0-0119-409B-AD0D-D283710A7033}.WebGLDebug|iPhoneSimulator.ActiveCfg = Debug|Any CPU
		{CD6F03C0-0119-409B-AD0D-D283710A7033}.WebGLDebug|iPhoneSimulator.Build.0 = Debug|Any CPU
		{CD6F03C0-0119-409B-AD0D-D283710A7033}.WebGLDebug|x64.ActiveCfg = Debug|x64
		{CD6F03C0-0119-409B-AD0D-D283710A7033}.WebGLDebug|x64.Build.0 = Debug|x64
		{CD6F03C0-0119-409B-AD0D-D283710A7033}.WebGLDebug|x86.ActiveCfg = Debug|x86
		{CD6F03C0-0119-409B-AD0D-D283710A7033}.WebGLDebug|x86.Build.0 = Debug|x86
		{CD6F03C0-0119-409B-AD0D-D283710A7033}.WebGLRelease|Any CPU.ActiveCfg = Release|Any CPU
		{CD6F03C0-0119-409B-AD0D-D283710A7033}.WebGLRelease|Any CPU.Build.0 = Release|Any CPU
		{CD6F03C0-0119-409B-AD0D-D283710A7033}.WebGLRelease|ARM.ActiveCfg = Release|ARM
		{CD6F03C0-0119-409B-AD0D-D283710A7033}.WebGLRelease|ARM.Build.0 = Release|ARM
		{CD6F03C0-0119-409B-AD0D-D283710A7033}.WebGLRelease|iPhone.ActiveCfg = Release|Any CPU
		{CD6F03C0-0119-409B-AD0D-D283710A7033}.WebGLRelease|iPhone.Build.0 = Release|Any CPU
		{CD6F03C0-0119-409B-AD0D-D283710A7033}.WebGLRelease|iPhoneSimulator.ActiveCfg = Release|Any CPU
		{CD6F03C0-0119-409B-AD0D-D283710A7033}.WebGLRelease|iPhoneSimulator.Build.0 = Release|Any CPU
		{CD6F03C0-0119-409B-AD0D-D283710A7033}.WebGLRelease|x64.ActiveCfg = Release|x64
		{CD6F03C0-0119-409B-AD0D-D283710A7033}.WebGLRelease|x64.Build.0 = Release|x64
		{CD6F03C0-0119-409B-AD0D-D283710A7033}.WebGLRelease|x86.ActiveCfg = Release|x86
		{CD6F03C0-0119-409B-AD0D-D283710A7033}.WebGLRelease|x86.Build.0 = Release|x86
	EndGlobalSection
	GlobalSection(SolutionProperties) = preSolution
		HideSolutionNode = FALSE
	EndGlobalSection
	GlobalSection(MonoDevelopProperties) = preSolution
		Policies = $0
		$0.TextStylePolicy = $3
		$3.FileWidth = 120
		$3.TabsToSpaces = False
		$3.inheritsSet = null
		$3.inheritsScope = text/plain
		$3.scope = text/x-csharp
		$0.CSharpFormattingPolicy = $4
		$4.NewLinesForBracesInProperties = True
		$4.NewLinesForBracesInAccessors = True
		$4.NewLinesForBracesInAnonymousMethods = True
		$4.NewLinesForBracesInControlBlocks = True
		$4.NewLinesForBracesInAnonymousTypes = True
		$4.NewLinesForBracesInObjectCollectionArrayInitializers = True
		$4.NewLinesForBracesInLambdaExpressionBody = True
		$4.NewLineForElse = True
		$4.NewLineForCatch = True
		$4.NewLineForFinally = True
		$4.SpacingAfterMethodDeclarationName = False
		$4.SpaceAfterMethodCallName = False
		$4.SpaceAfterControlFlowStatementKeyword = False
		$4.SpaceBeforeOpenSquareBracket = False
		$4.inheritsSet = Mono
		$4.inheritsScope = text/x-csharp
		$4.scope = text/x-csharp
		$4.IndentSwitchSection = True
	EndGlobalSection
EndGlobal
